// !$*UTF8*$!
{
	archiveVersion = 1;
	classes = {
	};
	objectVersion = 46;
	objects = {

/* Begin PBXBuildFile section */
		B61CEB201D5420AC0036B68C /* AppDelegate.swift in Sources */ = {isa = PBXBuildFile; fileRef = B61CEB1F1D5420AC0036B68C /* AppDelegate.swift */; };
		B61CEB251D5420AC0036B68C /* Main.storyboard in Resources */ = {isa = PBXBuildFile; fileRef = B61CEB231D5420AC0036B68C /* Main.storyboard */; };
		B61CEB281D5420AC0036B68C /* PartyDJ.xcdatamodeld in Sources */ = {isa = PBXBuildFile; fileRef = B61CEB261D5420AC0036B68C /* PartyDJ.xcdatamodeld */; };
		B61CEB2A1D5420AC0036B68C /* Assets.xcassets in Resources */ = {isa = PBXBuildFile; fileRef = B61CEB291D5420AC0036B68C /* Assets.xcassets */; };
		B61CEB2D1D5420AC0036B68C /* LaunchScreen.storyboard in Resources */ = {isa = PBXBuildFile; fileRef = B61CEB2B1D5420AC0036B68C /* LaunchScreen.storyboard */; };
		B61CEB351D5420DF0036B68C /* LoginViewController.swift in Sources */ = {isa = PBXBuildFile; fileRef = B61CEB341D5420DF0036B68C /* LoginViewController.swift */; };
		B61CEB381D54210E0036B68C /* FBSDKCoreKit.framework in Frameworks */ = {isa = PBXBuildFile; fileRef = B61CEB371D54210E0036B68C /* FBSDKCoreKit.framework */; };
		B61CEB3A1D5421160036B68C /* FBSDKLoginKit.framework in Frameworks */ = {isa = PBXBuildFile; fileRef = B61CEB391D5421160036B68C /* FBSDKLoginKit.framework */; };
		B61CEB3C1D54211C0036B68C /* FBSDKShareKit.framework in Frameworks */ = {isa = PBXBuildFile; fileRef = B61CEB3B1D54211C0036B68C /* FBSDKShareKit.framework */; };
		B61CEB3E1D5423AD0036B68C /* Bolts.framework in Frameworks */ = {isa = PBXBuildFile; fileRef = B61CEB3D1D5423AD0036B68C /* Bolts.framework */; };
		B61CEB441D5435A00036B68C /* Fabric.framework in Frameworks */ = {isa = PBXBuildFile; fileRef = B61CEB401D5435A00036B68C /* Fabric.framework */; };
		B61CEB451D5435A00036B68C /* TwitterKit.framework in Frameworks */ = {isa = PBXBuildFile; fileRef = B61CEB411D5435A00036B68C /* TwitterKit.framework */; };
		B61CEB461D5435A00036B68C /* TwitterKitResources.bundle in Resources */ = {isa = PBXBuildFile; fileRef = B61CEB421D5435A00036B68C /* TwitterKitResources.bundle */; };
		B61CEB471D5435A00036B68C /* TwitterCore.framework in Frameworks */ = {isa = PBXBuildFile; fileRef = B61CEB431D5435A00036B68C /* TwitterCore.framework */; };
/* End PBXBuildFile section */

/* Begin PBXFileReference section */
		B61CEB1C1D5420AC0036B68C /* PartyDJ.app */ = {isa = PBXFileReference; explicitFileType = wrapper.application; includeInIndex = 0; path = PartyDJ.app; sourceTree = BUILT_PRODUCTS_DIR; };
		B61CEB1F1D5420AC0036B68C /* AppDelegate.swift */ = {isa = PBXFileReference; lastKnownFileType = sourcecode.swift; path = AppDelegate.swift; sourceTree = "<group>"; };
		B61CEB241D5420AC0036B68C /* Base */ = {isa = PBXFileReference; lastKnownFileType = file.storyboard; name = Base; path = Base.lproj/Main.storyboard; sourceTree = "<group>"; };
		B61CEB271D5420AC0036B68C /* PartyDJ.xcdatamodel */ = {isa = PBXFileReference; lastKnownFileType = wrapper.xcdatamodel; path = PartyDJ.xcdatamodel; sourceTree = "<group>"; };
		B61CEB291D5420AC0036B68C /* Assets.xcassets */ = {isa = PBXFileReference; lastKnownFileType = folder.assetcatalog; path = Assets.xcassets; sourceTree = "<group>"; };
		B61CEB2C1D5420AC0036B68C /* Base */ = {isa = PBXFileReference; lastKnownFileType = file.storyboard; name = Base; path = Base.lproj/LaunchScreen.storyboard; sourceTree = "<group>"; };
		B61CEB2E1D5420AC0036B68C /* Info.plist */ = {isa = PBXFileReference; lastKnownFileType = text.plist.xml; path = Info.plist; sourceTree = "<group>"; };
		B61CEB341D5420DF0036B68C /* LoginViewController.swift */ = {isa = PBXFileReference; fileEncoding = 4; lastKnownFileType = sourcecode.swift; path = LoginViewController.swift; sourceTree = "<group>"; };
		B61CEB371D54210E0036B68C /* FBSDKCoreKit.framework */ = {isa = PBXFileReference; lastKnownFileType = wrapper.framework; path = FBSDKCoreKit.framework; sourceTree = "<group>"; };
		B61CEB391D5421160036B68C /* FBSDKLoginKit.framework */ = {isa = PBXFileReference; lastKnownFileType = wrapper.framework; path = FBSDKLoginKit.framework; sourceTree = "<group>"; };
		B61CEB3B1D54211C0036B68C /* FBSDKShareKit.framework */ = {isa = PBXFileReference; lastKnownFileType = wrapper.framework; path = FBSDKShareKit.framework; sourceTree = "<group>"; };
		B61CEB3D1D5423AD0036B68C /* Bolts.framework */ = {isa = PBXFileReference; lastKnownFileType = wrapper.framework; path = Bolts.framework; sourceTree = "<group>"; };
		B61CEB401D5435A00036B68C /* Fabric.framework */ = {isa = PBXFileReference; lastKnownFileType = wrapper.framework; path = Fabric.framework; sourceTree = "<group>"; };
		B61CEB411D5435A00036B68C /* TwitterKit.framework */ = {isa = PBXFileReference; lastKnownFileType = wrapper.framework; path = TwitterKit.framework; sourceTree = "<group>"; };
		B61CEB421D5435A00036B68C /* TwitterKitResources.bundle */ = {isa = PBXFileReference; lastKnownFileType = "wrapper.plug-in"; name = TwitterKitResources.bundle; path = TwitterKit.framework/Versions/A/Resources/TwitterKitResources.bundle; sourceTree = "<group>"; };
		B61CEB431D5435A00036B68C /* TwitterCore.framework */ = {isa = PBXFileReference; lastKnownFileType = wrapper.framework; path = TwitterCore.framework; sourceTree = "<group>"; };
/* End PBXFileReference section */

/* Begin PBXFrameworksBuildPhase section */
		B61CEB191D5420AC0036B68C /* Frameworks */ = {
			isa = PBXFrameworksBuildPhase;
			buildActionMask = 2147483647;
			files = (
				B61CEB3A1D5421160036B68C /* FBSDKLoginKit.framework in Frameworks */,
				B61CEB441D5435A00036B68C /* Fabric.framework in Frameworks */,
				B61CEB471D5435A00036B68C /* TwitterCore.framework in Frameworks */,
				B61CEB381D54210E0036B68C /* FBSDKCoreKit.framework in Frameworks */,
				B61CEB3C1D54211C0036B68C /* FBSDKShareKit.framework in Frameworks */,
				B61CEB3E1D5423AD0036B68C /* Bolts.framework in Frameworks */,
				B61CEB451D5435A00036B68C /* TwitterKit.framework in Frameworks */,
			);
			runOnlyForDeploymentPostprocessing = 0;
		};
/* End PBXFrameworksBuildPhase section */

/* Begin PBXGroup section */
		B61CEB131D5420AC0036B68C = {
			isa = PBXGroup;
			children = (
				B61CEB361D5420F00036B68C /* Frameworks */,
				B61CEB1E1D5420AC0036B68C /* PartyDJ */,
				B61CEB1D1D5420AC0036B68C /* Products */,
			);
			sourceTree = "<group>";
		};
		B61CEB1D1D5420AC0036B68C /* Products */ = {
			isa = PBXGroup;
			children = (
				B61CEB1C1D5420AC0036B68C /* PartyDJ.app */,
			);
			name = Products;
			sourceTree = "<group>";
		};
		B61CEB1E1D5420AC0036B68C /* PartyDJ */ = {
			isa = PBXGroup;
			children = (
				B61CEB1F1D5420AC0036B68C /* AppDelegate.swift */,
				B61CEB341D5420DF0036B68C /* LoginViewController.swift */,
				B61CEB231D5420AC0036B68C /* Main.storyboard */,
				B61CEB291D5420AC0036B68C /* Assets.xcassets */,
				B61CEB2B1D5420AC0036B68C /* LaunchScreen.storyboard */,
				B61CEB2E1D5420AC0036B68C /* Info.plist */,
				B61CEB261D5420AC0036B68C /* PartyDJ.xcdatamodeld */,
			);
			path = PartyDJ;
			sourceTree = "<group>";
		};
		B61CEB361D5420F00036B68C /* Frameworks */ = {
			isa = PBXGroup;
			children = (
				B61CEB401D5435A00036B68C /* Fabric.framework */,
				B61CEB411D5435A00036B68C /* TwitterKit.framework */,
				B61CEB421D5435A00036B68C /* TwitterKitResources.bundle */,
				B61CEB431D5435A00036B68C /* TwitterCore.framework */,
				B61CEB3D1D5423AD0036B68C /* Bolts.framework */,
				B61CEB3B1D54211C0036B68C /* FBSDKShareKit.framework */,
				B61CEB391D5421160036B68C /* FBSDKLoginKit.framework */,
				B61CEB371D54210E0036B68C /* FBSDKCoreKit.framework */,
			);
			name = Frameworks;
			sourceTree = "<group>";
		};
/* End PBXGroup section */

/* Begin PBXNativeTarget section */
		B61CEB1B1D5420AC0036B68C /* PartyDJ */ = {
			isa = PBXNativeTarget;
			buildConfigurationList = B61CEB311D5420AC0036B68C /* Build configuration list for PBXNativeTarget "PartyDJ" */;
			buildPhases = (
				B61CEB181D5420AC0036B68C /* Sources */,
				B61CEB191D5420AC0036B68C /* Frameworks */,
				B61CEB1A1D5420AC0036B68C /* Resources */,
				B61CEB3F1D54356F0036B68C /* ShellScript */,
			);
			buildRules = (
			);
			dependencies = (
			);
			name = PartyDJ;
			productName = PartyDJ;
			productReference = B61CEB1C1D5420AC0036B68C /* PartyDJ.app */;
			productType = "com.apple.product-type.application";
		};
/* End PBXNativeTarget section */

/* Begin PBXProject section */
		B61CEB141D5420AC0036B68C /* Project object */ = {
			isa = PBXProject;
			attributes = {
				LastSwiftUpdateCheck = 0730;
				LastUpgradeCheck = 0730;
				ORGANIZATIONNAME = "Aniruddh Bharadwaj";
				TargetAttributes = {
					B61CEB1B1D5420AC0036B68C = {
						CreatedOnToolsVersion = 7.3.1;
						DevelopmentTeam = TY7C3PV5TB;
					};
				};
			};
			buildConfigurationList = B61CEB171D5420AC0036B68C /* Build configuration list for PBXProject "PartyDJ" */;
			compatibilityVersion = "Xcode 3.2";
			developmentRegion = English;
			hasScannedForEncodings = 0;
			knownRegions = (
				en,
				Base,
			);
			mainGroup = B61CEB131D5420AC0036B68C;
			productRefGroup = B61CEB1D1D5420AC0036B68C /* Products */;
			projectDirPath = "";
			projectRoot = "";
			targets = (
				B61CEB1B1D5420AC0036B68C /* PartyDJ */,
			);
		};
/* End PBXProject section */

/* Begin PBXResourcesBuildPhase section */
		B61CEB1A1D5420AC0036B68C /* Resources */ = {
			isa = PBXResourcesBuildPhase;
			buildActionMask = 2147483647;
			files = (
				B61CEB461D5435A00036B68C /* TwitterKitResources.bundle in Resources */,
				B61CEB2D1D5420AC0036B68C /* LaunchScreen.storyboard in Resources */,
				B61CEB2A1D5420AC0036B68C /* Assets.xcassets in Resources */,
				B61CEB251D5420AC0036B68C /* Main.storyboard in Resources */,
			);
			runOnlyForDeploymentPostprocessing = 0;
		};
/* End PBXResourcesBuildPhase section */

/* Begin PBXShellScriptBuildPhase section */
		B61CEB3F1D54356F0036B68C /* ShellScript */ = {
			isa = PBXShellScriptBuildPhase;
			buildActionMask = 2147483647;
			files = (
			);
			inputPaths = (
			);
			outputPaths = (
			);
			runOnlyForDeploymentPostprocessing = 0;
			shellPath = /bin/sh;
			shellScript = "./Fabric.framework/run a5fb18e3e9d73043118739f8a16953e9df28e8a1 efcb61cba449d9b533fe2be42e0b1d9feab48a872ebaa00bbd93bc1c1e672341";
		};
/* End PBXShellScriptBuildPhase section */

/* Begin PBXSourcesBuildPhase section */
		B61CEB181D5420AC0036B68C /* Sources */ = {
			isa = PBXSourcesBuildPhase;
			buildActionMask = 2147483647;
			files = (
				B61CEB351D5420DF0036B68C /* LoginViewController.swift in Sources */,
				B61CEB281D5420AC0036B68C /* PartyDJ.xcdatamodeld in Sources */,
				B61CEB201D5420AC0036B68C /* AppDelegate.swift in Sources */,
			);
			runOnlyForDeploymentPostprocessing = 0;
		};
/* End PBXSourcesBuildPhase section */

/* Begin PBXVariantGroup section */
		B61CEB231D5420AC0036B68C /* Main.storyboard */ = {
			isa = PBXVariantGroup;
			children = (
				B61CEB241D5420AC0036B68C /* Base */,
			);
			name = Main.storyboard;
			sourceTree = "<group>";
		};
		B61CEB2B1D5420AC0036B68C /* LaunchScreen.storyboard */ = {
			isa = PBXVariantGroup;
			children = (
				B61CEB2C1D5420AC0036B68C /* Base */,
			);
			name = LaunchScreen.storyboard;
			sourceTree = "<group>";
		};
/* End PBXVariantGroup section */

/* Begin XCBuildConfiguration section */
		B61CEB2F1D5420AC0036B68C /* Debug */ = {
			isa = XCBuildConfiguration;
			buildSettings = {
				ALWAYS_SEARCH_USER_PATHS = NO;
				CLANG_ANALYZER_NONNULL = YES;
				CLANG_CXX_LANGUAGE_STANDARD = "gnu++0x";
				CLANG_CXX_LIBRARY = "libc++";
				CLANG_ENABLE_MODULES = YES;
				CLANG_ENABLE_OBJC_ARC = YES;
				CLANG_WARN_BOOL_CONVERSION = YES;
				CLANG_WARN_CONSTANT_CONVERSION = YES;
				CLANG_WARN_DIRECT_OBJC_ISA_USAGE = YES_ERROR;
				CLANG_WARN_EMPTY_BODY = YES;
				CLANG_WARN_ENUM_CONVERSION = YES;
				CLANG_WARN_INT_CONVERSION = YES;
				CLANG_WARN_OBJC_ROOT_CLASS = YES_ERROR;
				CLANG_WARN_UNREACHABLE_CODE = YES;
				CLANG_WARN__DUPLICATE_METHOD_MATCH = YES;
				"CODE_SIGN_IDENTITY[sdk=iphoneos*]" = "iPhone Developer";
				COPY_PHASE_STRIP = NO;
				DEBUG_INFORMATION_FORMAT = dwarf;
				ENABLE_STRICT_OBJC_MSGSEND = YES;
				ENABLE_TESTABILITY = YES;
				GCC_C_LANGUAGE_STANDARD = gnu99;
				GCC_DYNAMIC_NO_PIC = NO;
				GCC_NO_COMMON_BLOCKS = YES;
				GCC_OPTIMIZATION_LEVEL = 0;
				GCC_PREPROCESSOR_DEFINITIONS = (
					"DEBUG=1",
					"$(inherited)",
				);
				GCC_WARN_64_TO_32_BIT_CONVERSION = YES;
				GCC_WARN_ABOUT_RETURN_TYPE = YES_ERROR;
				GCC_WARN_UNDECLARED_SELECTOR = YES;
				GCC_WARN_UNINITIALIZED_AUTOS = YES_AGGRESSIVE;
				GCC_WARN_UNUSED_FUNCTION = YES;
				GCC_WARN_UNUSED_VARIABLE = YES;
				IPHONEOS_DEPLOYMENT_TARGET = 9.3;
				MTL_ENABLE_DEBUG_INFO = YES;
				ONLY_ACTIVE_ARCH = YES;
				SDKROOT = iphoneos;
				SWIFT_OPTIMIZATION_LEVEL = "-Onone";
			};
			name = Debug;
		};
		B61CEB301D5420AC0036B68C /* Release */ = {
			isa = XCBuildConfiguration;
			buildSettings = {
				ALWAYS_SEARCH_USER_PATHS = NO;
				CLANG_ANALYZER_NONNULL = YES;
				CLANG_CXX_LANGUAGE_STANDARD = "gnu++0x";
				CLANG_CXX_LIBRARY = "libc++";
				CLANG_ENABLE_MODULES = YES;
				CLANG_ENABLE_OBJC_ARC = YES;
				CLANG_WARN_BOOL_CONVERSION = YES;
				CLANG_WARN_CONSTANT_CONVERSION = YES;
				CLANG_WARN_DIRECT_OBJC_ISA_USAGE = YES_ERROR;
				CLANG_WARN_EMPTY_BODY = YES;
				CLANG_WARN_ENUM_CONVERSION = YES;
				CLANG_WARN_INT_CONVERSION = YES;
				CLANG_WARN_OBJC_ROOT_CLASS = YES_ERROR;
				CLANG_WARN_UNREACHABLE_CODE = YES;
				CLANG_WARN__DUPLICATE_METHOD_MATCH = YES;
				"CODE_SIGN_IDENTITY[sdk=iphoneos*]" = "iPhone Developer";
				COPY_PHASE_STRIP = NO;
				DEBUG_INFORMATION_FORMAT = "dwarf-with-dsym";
				ENABLE_NS_ASSERTIONS = NO;
				ENABLE_STRICT_OBJC_MSGSEND = YES;
				GCC_C_LANGUAGE_STANDARD = gnu99;
				GCC_NO_COMMON_BLOCKS = YES;
				GCC_WARN_64_TO_32_BIT_CONVERSION = YES;
				GCC_WARN_ABOUT_RETURN_TYPE = YES_ERROR;
				GCC_WARN_UNDECLARED_SELECTOR = YES;
				GCC_WARN_UNINITIALIZED_AUTOS = YES_AGGRESSIVE;
				GCC_WARN_UNUSED_FUNCTION = YES;
				GCC_WARN_UNUSED_VARIABLE = YES;
				IPHONEOS_DEPLOYMENT_TARGET = 9.3;
				MTL_ENABLE_DEBUG_INFO = NO;
				SDKROOT = iphoneos;
				VALIDATE_PRODUCT = YES;
			};
			name = Release;
		};
		B61CEB321D5420AC0036B68C /* Debug */ = {
			isa = XCBuildConfiguration;
			buildSettings = {
				ASSETCATALOG_COMPILER_APPICON_NAME = AppIcon;
				FRAMEWORK_SEARCH_PATHS = (
					"$(inherited)",
					"$(PROJECT_DIR)",
				);
				INFOPLIST_FILE = PartyDJ/Info.plist;
				IPHONEOS_DEPLOYMENT_TARGET = 9.3;
				LD_RUNPATH_SEARCH_PATHS = "$(inherited) @executable_path/Frameworks";
				PRODUCT_BUNDLE_IDENTIFIER = me.aniruddhb.PartyDJ;
				PRODUCT_NAME = "$(TARGET_NAME)";
			};
			name = Debug;
		};
		B61CEB331D5420AC0036B68C /* Release */ = {
			isa = XCBuildConfiguration;
			buildSettings = {
				ASSETCATALOG_COMPILER_APPICON_NAME = AppIcon;
				FRAMEWORK_SEARCH_PATHS = (
					"$(inherited)",
					"$(PROJECT_DIR)",
				);
				INFOPLIST_FILE = PartyDJ/Info.plist;
				IPHONEOS_DEPLOYMENT_TARGET = 9.3;
				LD_RUNPATH_SEARCH_PATHS = "$(inherited) @executable_path/Frameworks";
				PRODUCT_BUNDLE_IDENTIFIER = me.aniruddhb.PartyDJ;
				PRODUCT_NAME = "$(TARGET_NAME)";
			};
			name = Release;
		};
/* End XCBuildConfiguration section */

/* Begin XCConfigurationList section */
		B61CEB171D5420AC0036B68C /* Build configuration list for PBXProject "PartyDJ" */ = {
			isa = XCConfigurationList;
			buildConfigurations = (
				B61CEB2F1D5420AC0036B68C /* Debug */,
				B61CEB301D5420AC0036B68C /* Release */,
			);
			defaultConfigurationIsVisible = 0;
			defaultConfigurationName = Release;
		};
		B61CEB311D5420AC0036B68C /* Build configuration list for PBXNativeTarget "PartyDJ" */ = {
			isa = XCConfigurationList;
			buildConfigurations = (
				B61CEB321D5420AC0036B68C /* Debug */,
				B61CEB331D5420AC0036B68C /* Release */,
			);
			defaultConfigurationIsVisible = 0;
		};
/* End XCConfigurationList section */

/* Begin XCVersionGroup section */
		B61CEB261D5420AC0036B68C /* PartyDJ.xcdatamodeld */ = {
			isa = XCVersionGroup;
			children = (
				B61CEB271D5420AC0036B68C /* PartyDJ.xcdatamodel */,
			);
			currentVersion = B61CEB271D5420AC0036B68C /* PartyDJ.xcdatamodel */;
			path = PartyDJ.xcdatamodeld;
			sourceTree = "<group>";
			versionGroupType = wrapper.xcdatamodel;
		};
/* End XCVersionGroup section */
	};
	rootObject = B61CEB141D5420AC0036B68C /* Project object */;
}
